// !$*UTF8*$!
{
	archiveVersion = 1;
	classes = {
	};
	objectVersion = 55;
	objects = {

/* Begin PBXBuildFile section */
		1020FF10276F537B004B3ECE /* AboutMeViewController.swift in Sources */ = {isa = PBXBuildFile; fileRef = 1020FF0F276F537B004B3ECE /* AboutMeViewController.swift */; };
		1020FF12276F547E004B3ECE /* InfoViewController.swift in Sources */ = {isa = PBXBuildFile; fileRef = 1020FF11276F547E004B3ECE /* InfoViewController.swift */; };
		10AAE949276F71C8005B5923 /* Model.swift in Sources */ = {isa = PBXBuildFile; fileRef = 10AAE948276F71C8005B5923 /* Model.swift */; };
		10E84912276B84690047EB30 /* CustomTextField.swift in Sources */ = {isa = PBXBuildFile; fileRef = 10E84911276B84690047EB30 /* CustomTextField.swift */; };
		10ECF2CF2768B13A009BE927 /* AppDelegate.swift in Sources */ = {isa = PBXBuildFile; fileRef = 10ECF2CE2768B13A009BE927 /* AppDelegate.swift */; };
		10ECF2D12768B13A009BE927 /* SceneDelegate.swift in Sources */ = {isa = PBXBuildFile; fileRef = 10ECF2D02768B13A009BE927 /* SceneDelegate.swift */; };
		10ECF2D32768B13A009BE927 /* LoginViewController.swift in Sources */ = {isa = PBXBuildFile; fileRef = 10ECF2D22768B13A009BE927 /* LoginViewController.swift */; };
		10ECF2D62768B13A009BE927 /* Main.storyboard in Resources */ = {isa = PBXBuildFile; fileRef = 10ECF2D42768B13A009BE927 /* Main.storyboard */; };
		10ECF2D82768B13C009BE927 /* Assets.xcassets in Resources */ = {isa = PBXBuildFile; fileRef = 10ECF2D72768B13C009BE927 /* Assets.xcassets */; };
		10ECF2DB2768B13C009BE927 /* LaunchScreen.storyboard in Resources */ = {isa = PBXBuildFile; fileRef = 10ECF2D92768B13C009BE927 /* LaunchScreen.storyboard */; };
		10ECF2E32768B2AD009BE927 /* WelcomeViewController.swift in Sources */ = {isa = PBXBuildFile; fileRef = 10ECF2E22768B2AD009BE927 /* WelcomeViewController.swift */; };
/* End PBXBuildFile section */

/* Begin PBXFileReference section */
		1020FF0F276F537B004B3ECE /* AboutMeViewController.swift */ = {isa = PBXFileReference; lastKnownFileType = sourcecode.swift; path = AboutMeViewController.swift; sourceTree = "<group>"; };
		1020FF11276F547E004B3ECE /* InfoViewController.swift */ = {isa = PBXFileReference; lastKnownFileType = sourcecode.swift; path = InfoViewController.swift; sourceTree = "<group>"; };
		10AAE948276F71C8005B5923 /* Model.swift */ = {isa = PBXFileReference; lastKnownFileType = sourcecode.swift; path = Model.swift; sourceTree = "<group>"; };
		10E84911276B84690047EB30 /* CustomTextField.swift */ = {isa = PBXFileReference; lastKnownFileType = sourcecode.swift; path = CustomTextField.swift; sourceTree = "<group>"; };
		10ECF2CB2768B13A009BE927 /* LoginApp.app */ = {isa = PBXFileReference; explicitFileType = wrapper.application; includeInIndex = 0; path = LoginApp.app; sourceTree = BUILT_PRODUCTS_DIR; };
		10ECF2CE2768B13A009BE927 /* AppDelegate.swift */ = {isa = PBXFileReference; lastKnownFileType = sourcecode.swift; path = AppDelegate.swift; sourceTree = "<group>"; };
		10ECF2D02768B13A009BE927 /* SceneDelegate.swift */ = {isa = PBXFileReference; lastKnownFileType = sourcecode.swift; path = SceneDelegate.swift; sourceTree = "<group>"; };
		10ECF2D22768B13A009BE927 /* LoginViewController.swift */ = {isa = PBXFileReference; lastKnownFileType = sourcecode.swift; path = LoginViewController.swift; sourceTree = "<group>"; };
		10ECF2D52768B13A009BE927 /* Base */ = {isa = PBXFileReference; lastKnownFileType = file.storyboard; name = Base; path = Base.lproj/Main.storyboard; sourceTree = "<group>"; };
		10ECF2D72768B13C009BE927 /* Assets.xcassets */ = {isa = PBXFileReference; lastKnownFileType = folder.assetcatalog; path = Assets.xcassets; sourceTree = "<group>"; };
		10ECF2DA2768B13C009BE927 /* Base */ = {isa = PBXFileReference; lastKnownFileType = file.storyboard; name = Base; path = Base.lproj/LaunchScreen.storyboard; sourceTree = "<group>"; };
		10ECF2DC2768B13C009BE927 /* Info.plist */ = {isa = PBXFileReference; lastKnownFileType = text.plist.xml; path = Info.plist; sourceTree = "<group>"; };
		10ECF2E22768B2AD009BE927 /* WelcomeViewController.swift */ = {isa = PBXFileReference; lastKnownFileType = sourcecode.swift; path = WelcomeViewController.swift; sourceTree = "<group>"; };
/* End PBXFileReference section */

/* Begin PBXFrameworksBuildPhase section */
		10ECF2C82768B13A009BE927 /* Frameworks */ = {
			isa = PBXFrameworksBuildPhase;
			buildActionMask = 2147483647;
			files = (
			);
			runOnlyForDeploymentPostprocessing = 0;
		};
/* End PBXFrameworksBuildPhase section */

/* Begin PBXGroup section */
		1020FF0A276F4F09004B3ECE /* Controllers */ = {
			isa = PBXGroup;
			children = (
				10ECF2D22768B13A009BE927 /* LoginViewController.swift */,
				10ECF2E22768B2AD009BE927 /* WelcomeViewController.swift */,
				1020FF0F276F537B004B3ECE /* AboutMeViewController.swift */,
				1020FF11276F547E004B3ECE /* InfoViewController.swift */,
			);
			path = Controllers;
			sourceTree = "<group>";
		};
		1020FF0B276F4F4A004B3ECE /* Views */ = {
			isa = PBXGroup;
			children = (
				10ECF2D42768B13A009BE927 /* Main.storyboard */,
				10ECF2D92768B13C009BE927 /* LaunchScreen.storyboard */,
			);
			path = Views;
			sourceTree = "<group>";
		};
		1020FF0C276F4F5C004B3ECE /* Models */ = {
			isa = PBXGroup;
			children = (
				10AAE948276F71C8005B5923 /* Model.swift */,
			);
			path = Models;
			sourceTree = "<group>";
		};
		1020FF0D276F4FD4004B3ECE /* SupportFiles */ = {
			isa = PBXGroup;
			children = (
				10E84911276B84690047EB30 /* CustomTextField.swift */,
				10ECF2CE2768B13A009BE927 /* AppDelegate.swift */,
				10ECF2DC2768B13C009BE927 /* Info.plist */,
				10ECF2D02768B13A009BE927 /* SceneDelegate.swift */,
			);
			path = SupportFiles;
			sourceTree = "<group>";
		};
		1020FF0E276F4FF2004B3ECE /* Resources */ = {
			isa = PBXGroup;
			children = (
				10ECF2D72768B13C009BE927 /* Assets.xcassets */,
			);
			path = Resources;
			sourceTree = "<group>";
		};
		10ECF2C22768B13A009BE927 = {
			isa = PBXGroup;
			children = (
				10ECF2CD2768B13A009BE927 /* LoginApp */,
				10ECF2CC2768B13A009BE927 /* Products */,
			);
			sourceTree = "<group>";
		};
		10ECF2CC2768B13A009BE927 /* Products */ = {
			isa = PBXGroup;
			children = (
				10ECF2CB2768B13A009BE927 /* LoginApp.app */,
			);
			name = Products;
			sourceTree = "<group>";
		};
		10ECF2CD2768B13A009BE927 /* LoginApp */ = {
			isa = PBXGroup;
			children = (
				1020FF0C276F4F5C004B3ECE /* Models */,
				1020FF0B276F4F4A004B3ECE /* Views */,
				1020FF0A276F4F09004B3ECE /* Controllers */,
				1020FF0E276F4FF2004B3ECE /* Resources */,
				1020FF0D276F4FD4004B3ECE /* SupportFiles */,
			);
			path = LoginApp;
			sourceTree = "<group>";
		};
/* End PBXGroup section */

/* Begin PBXNativeTarget section */
		10ECF2CA2768B13A009BE927 /* LoginApp */ = {
			isa = PBXNativeTarget;
			buildConfigurationList = 10ECF2DF2768B13C009BE927 /* Build configuration list for PBXNativeTarget "LoginApp" */;
			buildPhases = (
				10ECF2C72768B13A009BE927 /* Sources */,
				10ECF2C82768B13A009BE927 /* Frameworks */,
				10ECF2C92768B13A009BE927 /* Resources */,
			);
			buildRules = (
			);
			dependencies = (
			);
			name = LoginApp;
			productName = LoginApp;
			productReference = 10ECF2CB2768B13A009BE927 /* LoginApp.app */;
			productType = "com.apple.product-type.application";
		};
/* End PBXNativeTarget section */

/* Begin PBXProject section */
		10ECF2C32768B13A009BE927 /* Project object */ = {
			isa = PBXProject;
			attributes = {
				BuildIndependentTargetsInParallel = 1;
				LastSwiftUpdateCheck = 1310;
				LastUpgradeCheck = 1310;
				TargetAttributes = {
					10ECF2CA2768B13A009BE927 = {
						CreatedOnToolsVersion = 13.1;
					};
				};
			};
			buildConfigurationList = 10ECF2C62768B13A009BE927 /* Build configuration list for PBXProject "LoginApp" */;
			compatibilityVersion = "Xcode 13.0";
			developmentRegion = en;
			hasScannedForEncodings = 0;
			knownRegions = (
				en,
				Base,
			);
			mainGroup = 10ECF2C22768B13A009BE927;
			productRefGroup = 10ECF2CC2768B13A009BE927 /* Products */;
			projectDirPath = "";
			projectRoot = "";
			targets = (
				10ECF2CA2768B13A009BE927 /* LoginApp */,
			);
		};
/* End PBXProject section */

/* Begin PBXResourcesBuildPhase section */
		10ECF2C92768B13A009BE927 /* Resources */ = {
			isa = PBXResourcesBuildPhase;
			buildActionMask = 2147483647;
			files = (
				10ECF2DB2768B13C009BE927 /* LaunchScreen.storyboard in Resources */,
				10ECF2D82768B13C009BE927 /* Assets.xcassets in Resources */,
				10ECF2D62768B13A009BE927 /* Main.storyboard in Resources */,
			);
			runOnlyForDeploymentPostprocessing = 0;
		};
/* End PBXResourcesBuildPhase section */

/* Begin PBXSourcesBuildPhase section */
		10ECF2C72768B13A009BE927 /* Sources */ = {
			isa = PBXSourcesBuildPhase;
			buildActionMask = 2147483647;
			files = (
				10ECF2D32768B13A009BE927 /* LoginViewController.swift in Sources */,
				10ECF2E32768B2AD009BE927 /* WelcomeViewController.swift in Sources */,
				10ECF2CF2768B13A009BE927 /* AppDelegate.swift in Sources */,
				1020FF12276F547E004B3ECE /* InfoViewController.swift in Sources */,
				10ECF2D12768B13A009BE927 /* SceneDelegate.swift in Sources */,
				1020FF10276F537B004B3ECE /* AboutMeViewController.swift in Sources */,
				10AAE949276F71C8005B5923 /* Model.swift in Sources */,
				10E84912276B84690047EB30 /* CustomTextField.swift in Sources */,
			);
			runOnlyForDeploymentPostprocessing = 0;
		};
/* End PBXSourcesBuildPhase section */

/* Begin PBXVariantGroup section */
		10ECF2D42768B13A009BE927 /* Main.storyboard */ = {
			isa = PBXVariantGroup;
			children = (
				10ECF2D52768B13A009BE927 /* Base */,
			);
			name = Main.storyboard;
			sourceTree = "<group>";
		};
		10ECF2D92768B13C009BE927 /* LaunchScreen.storyboard */ = {
			isa = PBXVariantGroup;
			children = (
				10ECF2DA2768B13C009BE927 /* Base */,
			);
			name = LaunchScreen.storyboard;
			sourceTree = "<group>";
		};
/* End PBXVariantGroup section */

/* Begin XCBuildConfiguration section */
		10ECF2DD2768B13C009BE927 /* Debug */ = {
			isa = XCBuildConfiguration;
			buildSettings = {
				ALWAYS_SEARCH_USER_PATHS = NO;
				CLANG_ANALYZER_NONNULL = YES;
				CLANG_ANALYZER_NUMBER_OBJECT_CONVERSION = YES_AGGRESSIVE;
				CLANG_CXX_LANGUAGE_STANDARD = "gnu++17";
				CLANG_CXX_LIBRARY = "libc++";
				CLANG_ENABLE_MODULES = YES;
				CLANG_ENABLE_OBJC_ARC = YES;
				CLANG_ENABLE_OBJC_WEAK = YES;
				CLANG_WARN_BLOCK_CAPTURE_AUTORELEASING = YES;
				CLANG_WARN_BOOL_CONVERSION = YES;
				CLANG_WARN_COMMA = YES;
				CLANG_WARN_CONSTANT_CONVERSION = YES;
				CLANG_WARN_DEPRECATED_OBJC_IMPLEMENTATIONS = YES;
				CLANG_WARN_DIRECT_OBJC_ISA_USAGE = YES_ERROR;
				CLANG_WARN_DOCUMENTATION_COMMENTS = YES;
				CLANG_WARN_EMPTY_BODY = YES;
				CLANG_WARN_ENUM_CONVERSION = YES;
				CLANG_WARN_INFINITE_RECURSION = YES;
				CLANG_WARN_INT_CONVERSION = YES;
				CLANG_WARN_NON_LITERAL_NULL_CONVERSION = YES;
				CLANG_WARN_OBJC_IMPLICIT_RETAIN_SELF = YES;
				CLANG_WARN_OBJC_LITERAL_CONVERSION = YES;
				CLANG_WARN_OBJC_ROOT_CLASS = YES_ERROR;
				CLANG_WARN_QUOTED_INCLUDE_IN_FRAMEWORK_HEADER = YES;
				CLANG_WARN_RANGE_LOOP_ANALYSIS = YES;
				CLANG_WARN_STRICT_PROTOTYPES = YES;
				CLANG_WARN_SUSPICIOUS_MOVE = YES;
				CLANG_WARN_UNGUARDED_AVAILABILITY = YES_AGGRESSIVE;
				CLANG_WARN_UNREACHABLE_CODE = YES;
				CLANG_WARN__DUPLICATE_METHOD_MATCH = YES;
				COPY_PHASE_STRIP = NO;
				DEBUG_INFORMATION_FORMAT = dwarf;
				ENABLE_STRICT_OBJC_MSGSEND = YES;
				ENABLE_TESTABILITY = YES;
				GCC_C_LANGUAGE_STANDARD = gnu11;
				GCC_DYNAMIC_NO_PIC = NO;
				GCC_NO_COMMON_BLOCKS = YES;
				GCC_OPTIMIZATION_LEVEL = 0;
				GCC_PREPROCESSOR_DEFINITIONS = (
					"DEBUG=1",
					"$(inherited)",
				);
				GCC_WARN_64_TO_32_BIT_CONVERSION = YES;
				GCC_WARN_ABOUT_RETURN_TYPE = YES_ERROR;
				GCC_WARN_UNDECLARED_SELECTOR = YES;
				GCC_WARN_UNINITIALIZED_AUTOS = YES_AGGRESSIVE;
				GCC_WARN_UNUSED_FUNCTION = YES;
				GCC_WARN_UNUSED_VARIABLE = YES;
				IPHONEOS_DEPLOYMENT_TARGET = 15.0;
				MTL_ENABLE_DEBUG_INFO = INCLUDE_SOURCE;
				MTL_FAST_MATH = YES;
				ONLY_ACTIVE_ARCH = YES;
				SDKROOT = iphoneos;
				SWIFT_ACTIVE_COMPILATION_CONDITIONS = DEBUG;
				SWIFT_OPTIMIZATION_LEVEL = "-Onone";
			};
			name = Debug;
		};
		10ECF2DE2768B13C009BE927 /* Release */ = {
			isa = XCBuildConfiguration;
			buildSettings = {
				ALWAYS_SEARCH_USER_PATHS = NO;
				CLANG_ANALYZER_NONNULL = YES;
				CLANG_ANALYZER_NUMBER_OBJECT_CONVERSION = YES_AGGRESSIVE;
				CLANG_CXX_LANGUAGE_STANDARD = "gnu++17";
				CLANG_CXX_LIBRARY = "libc++";
				CLANG_ENABLE_MODULES = YES;
				CLANG_ENABLE_OBJC_ARC = YES;
				CLANG_ENABLE_OBJC_WEAK = YES;
				CLANG_WARN_BLOCK_CAPTURE_AUTORELEASING = YES;
				CLANG_WARN_BOOL_CONVERSION = YES;
				CLANG_WARN_COMMA = YES;
				CLANG_WARN_CONSTANT_CONVERSION = YES;
				CLANG_WARN_DEPRECATED_OBJC_IMPLEMENTATIONS = YES;
				CLANG_WARN_DIRECT_OBJC_ISA_USAGE = YES_ERROR;
				CLANG_WARN_DOCUMENTATION_COMMENTS = YES;
				CLANG_WARN_EMPTY_BODY = YES;
				CLANG_WARN_ENUM_CONVERSION = YES;
				CLANG_WARN_INFINITE_RECURSION = YES;
				CLANG_WARN_INT_CONVERSION = YES;
				CLANG_WARN_NON_LITERAL_NULL_CONVERSION = YES;
				CLANG_WARN_OBJC_IMPLICIT_RETAIN_SELF = YES;
				CLANG_WARN_OBJC_LITERAL_CONVERSION = YES;
				CLANG_WARN_OBJC_ROOT_CLASS = YES_ERROR;
				CLANG_WARN_QUOTED_INCLUDE_IN_FRAMEWORK_HEADER = YES;
				CLANG_WARN_RANGE_LOOP_ANALYSIS = YES;
				CLANG_WARN_STRICT_PROTOTYPES = YES;
				CLANG_WARN_SUSPICIOUS_MOVE = YES;
				CLANG_WARN_UNGUARDED_AVAILABILITY = YES_AGGRESSIVE;
				CLANG_WARN_UNREACHABLE_CODE = YES;
				CLANG_WARN__DUPLICATE_METHOD_MATCH = YES;
				COPY_PHASE_STRIP = NO;
				DEBUG_INFORMATION_FORMAT = "dwarf-with-dsym";
				ENABLE_NS_ASSERTIONS = NO;
				ENABLE_STRICT_OBJC_MSGSEND = YES;
				GCC_C_LANGUAGE_STANDARD = gnu11;
				GCC_NO_COMMON_BLOCKS = YES;
				GCC_WARN_64_TO_32_BIT_CONVERSION = YES;
				GCC_WARN_ABOUT_RETURN_TYPE = YES_ERROR;
				GCC_WARN_UNDECLARED_SELECTOR = YES;
				GCC_WARN_UNINITIALIZED_AUTOS = YES_AGGRESSIVE;
				GCC_WARN_UNUSED_FUNCTION = YES;
				GCC_WARN_UNUSED_VARIABLE = YES;
				IPHONEOS_DEPLOYMENT_TARGET = 15.0;
				MTL_ENABLE_DEBUG_INFO = NO;
				MTL_FAST_MATH = YES;
				SDKROOT = iphoneos;
				SWIFT_COMPILATION_MODE = wholemodule;
				SWIFT_OPTIMIZATION_LEVEL = "-O";
				VALIDATE_PRODUCT = YES;
			};
			name = Release;
		};
		10ECF2E02768B13C009BE927 /* Debug */ = {
			isa = XCBuildConfiguration;
			buildSettings = {
				ASSETCATALOG_COMPILER_APPICON_NAME = AppIcon;
				ASSETCATALOG_COMPILER_GLOBAL_ACCENT_COLOR_NAME = AccentColor;
				CODE_SIGN_STYLE = Automatic;
				CURRENT_PROJECT_VERSION = 1;
				DEVELOPMENT_TEAM = 69R52T495A;
				GENERATE_INFOPLIST_FILE = YES;
				INFOPLIST_FILE = LoginApp/SupportFiles/Info.plist;
				INFOPLIST_KEY_UIApplicationSupportsIndirectInputEvents = YES;
				INFOPLIST_KEY_UILaunchStoryboardName = LaunchScreen;
				INFOPLIST_KEY_UIMainStoryboardFile = Main;
				INFOPLIST_KEY_UISupportedInterfaceOrientations_iPad = "UIInterfaceOrientationPortrait UIInterfaceOrientationPortraitUpsideDown UIInterfaceOrientationLandscapeLeft UIInterfaceOrientationLandscapeRight";
				INFOPLIST_KEY_UISupportedInterfaceOrientations_iPhone = "UIInterfaceOrientationPortrait UIInterfaceOrientationLandscapeLeft UIInterfaceOrientationLandscapeRight";
				LD_RUNPATH_SEARCH_PATHS = (
					"$(inherited)",
					"@executable_path/Frameworks",
				);
				MARKETING_VERSION = 1.0;
				PRODUCT_BUNDLE_IDENTIFIER = "test.bilarus-ilya.LoginApp";
				PRODUCT_NAME = "$(TARGET_NAME)";
				SWIFT_EMIT_LOC_STRINGS = YES;
				SWIFT_VERSION = 5.0;
				TARGETED_DEVICE_FAMILY = "1,2";
			};
			name = Debug;
		};
		10ECF2E12768B13C009BE927 /* Release */ = {
			isa = XCBuildConfiguration;
			buildSettings = {
				ASSETCATALOG_COMPILER_APPICON_NAME = AppIcon;
				ASSETCATALOG_COMPILER_GLOBAL_ACCENT_COLOR_NAME = AccentColor;
				CODE_SIGN_STYLE = Automatic;
				CURRENT_PROJECT_VERSION = 1;
				DEVELOPMENT_TEAM = 69R52T495A;
				GENERATE_INFOPLIST_FILE = YES;
				INFOPLIST_FILE = LoginApp/SupportFiles/Info.plist;
				INFOPLIST_KEY_UIApplicationSupportsIndirectInputEvents = YES;
				INFOPLIST_KEY_UILaunchStoryboardName = LaunchScreen;
				INFOPLIST_KEY_UIMainStoryboardFile = Main;
				INFOPLIST_KEY_UISupportedInterfaceOrientations_iPad = "UIInterfaceOrientationPortrait UIInterfaceOrientationPortraitUpsideDown UIInterfaceOrientationLandscapeLeft UIInterfaceOrientationLandscapeRight";
				INFOPLIST_KEY_UISupportedInterfaceOrientations_iPhone = "UIInterfaceOrientationPortrait UIInterfaceOrientationLandscapeLeft UIInterfaceOrientationLandscapeRight";
				LD_RUNPATH_SEARCH_PATHS = (
					"$(inherited)",
					"@executable_path/Frameworks",
				);
				MARKETING_VERSION = 1.0;
				PRODUCT_BUNDLE_IDENTIFIER = "test.bilarus-ilya.LoginApp";
				PRODUCT_NAME = "$(TARGET_NAME)";
				SWIFT_EMIT_LOC_STRINGS = YES;
				SWIFT_VERSION = 5.0;
				TARGETED_DEVICE_FAMILY = "1,2";
			};
			name = Release;
		};
/* End XCBuildConfiguration section */

/* Begin XCConfigurationList section */
		10ECF2C62768B13A009BE927 /* Build configuration list for PBXProject "LoginApp" */ = {
			isa = XCConfigurationList;
			buildConfigurations = (
				10ECF2DD2768B13C009BE927 /* Debug */,
				10ECF2DE2768B13C009BE927 /* Release */,
			);
			defaultConfigurationIsVisible = 0;
			defaultConfigurationName = Release;
		};
		10ECF2DF2768B13C009BE927 /* Build configuration list for PBXNativeTarget "LoginApp" */ = {
			isa = XCConfigurationList;
			buildConfigurations = (
				10ECF2E02768B13C009BE927 /* Debug */,
				10ECF2E12768B13C009BE927 /* Release */,
			);
			defaultConfigurationIsVisible = 0;
			defaultConfigurationName = Release;
		};
/* End XCConfigurationList section */
	};
	rootObject = 10ECF2C32768B13A009BE927 /* Project object */;
}
